// !$*UTF8*$!
{
	archiveVersion = 1;
	classes = {
	};
	objectVersion = 51;
	objects = {

/* Begin PBXBuildFile section */
		017E03993A6DF74AD31C6F3C /* Pods_Gandalf.framework in Frameworks */ = {isa = PBXBuildFile; fileRef = C39806E1CC7EDBFB9963D2D3 /* Pods_Gandalf.framework */; };
		B80E04C325C32A96009DBE34 /* AccountView.swift in Sources */ = {isa = PBXBuildFile; fileRef = B80E04C225C32A96009DBE34 /* AccountView.swift */; };
		B80E04D125C33341009DBE34 /* GoogleService-Info.plist in Resources */ = {isa = PBXBuildFile; fileRef = B80E04D025C33341009DBE34 /* GoogleService-Info.plist */; };
		B80E04F225C616BE009DBE34 /* HAT-RED-LG.png in Resources */ = {isa = PBXBuildFile; fileRef = B80E04F025C616BE009DBE34 /* HAT-RED-LG.png */; };
		B80E04F325C616BE009DBE34 /* HAT-RED-SM.png in Resources */ = {isa = PBXBuildFile; fileRef = B80E04F125C616BE009DBE34 /* HAT-RED-SM.png */; };
		B80E04FF25C7394E009DBE34 /* STAR-WHITE-SM.png in Resources */ = {isa = PBXBuildFile; fileRef = B80E04F725C7394D009DBE34 /* STAR-WHITE-SM.png */; };
		B80E050025C7394E009DBE34 /* STAR-GRAY-LG.png in Resources */ = {isa = PBXBuildFile; fileRef = B80E04F825C7394E009DBE34 /* STAR-GRAY-LG.png */; };
		B80E050125C7394E009DBE34 /* STAR-PINK-LG.png in Resources */ = {isa = PBXBuildFile; fileRef = B80E04F925C7394E009DBE34 /* STAR-PINK-LG.png */; };
		B80E050225C7394E009DBE34 /* STAR-GRAY-SM.png in Resources */ = {isa = PBXBuildFile; fileRef = B80E04FA25C7394E009DBE34 /* STAR-GRAY-SM.png */; };
		B80E050325C7394E009DBE34 /* STAR-GREEN-SM.png in Resources */ = {isa = PBXBuildFile; fileRef = B80E04FB25C7394E009DBE34 /* STAR-GREEN-SM.png */; };
		B80E050425C7394E009DBE34 /* STAR-WHITE-LG.png in Resources */ = {isa = PBXBuildFile; fileRef = B80E04FC25C7394E009DBE34 /* STAR-WHITE-LG.png */; };
		B80E050525C7394E009DBE34 /* STAR-GREEN-LG.png in Resources */ = {isa = PBXBuildFile; fileRef = B80E04FD25C7394E009DBE34 /* STAR-GREEN-LG.png */; };
		B80E050625C7394E009DBE34 /* STAR-PINK-SM.png in Resources */ = {isa = PBXBuildFile; fileRef = B80E04FE25C7394E009DBE34 /* STAR-PINK-SM.png */; };
		B80E050B25C73CBD009DBE34 /* STARS-GRAY-LG.png in Resources */ = {isa = PBXBuildFile; fileRef = B80E050925C73CBD009DBE34 /* STARS-GRAY-LG.png */; };
		B80E050C25C73CBD009DBE34 /* STARS-GRAY-SM.png in Resources */ = {isa = PBXBuildFile; fileRef = B80E050A25C73CBD009DBE34 /* STARS-GRAY-SM.png */; };
		B80E051325C742FD009DBE34 /* STARS-PURPLE-LG.png in Resources */ = {isa = PBXBuildFile; fileRef = B80E051225C742FD009DBE34 /* STARS-PURPLE-LG.png */; };
		B80E051725C7499C009DBE34 /* HAT-PURPLE-LG.png in Resources */ = {isa = PBXBuildFile; fileRef = B80E051625C7499C009DBE34 /* HAT-PURPLE-LG.png */; };
		B80E053425C76D08009DBE34 /* HoleView.swift in Sources */ = {isa = PBXBuildFile; fileRef = B80E053325C76D08009DBE34 /* HoleView.swift */; };
		B868EBE32641871400C369D8 /* WindowPickerViewTableView.swift in Sources */ = {isa = PBXBuildFile; fileRef = B868EBE22641871400C369D8 /* WindowPickerViewTableView.swift */; };
		B868EBE52641FF7600C369D8 /* SymbolRepository.swift in Sources */ = {isa = PBXBuildFile; fileRef = B868EBE42641FF7600C369D8 /* SymbolRepository.swift */; };
		B868EBE726430F6500C369D8 /* StrategyDetailView.swift in Sources */ = {isa = PBXBuildFile; fileRef = B868EBE626430F6500C369D8 /* StrategyDetailView.swift */; };
		B868EBE926432C8B00C369D8 /* StrategyDetailCell.swift in Sources */ = {isa = PBXBuildFile; fileRef = B868EBE826432C8B00C369D8 /* StrategyDetailCell.swift */; };
		B868EBEB2643386400C369D8 /* StrategyDetailViewTableView.swift in Sources */ = {isa = PBXBuildFile; fileRef = B868EBEA2643386400C369D8 /* StrategyDetailViewTableView.swift */; };
		B868EBED264362EF00C369D8 /* StrategyReactionsRepository.swift in Sources */ = {isa = PBXBuildFile; fileRef = B868EBEC264362EF00C369D8 /* StrategyReactionsRepository.swift */; };
		B868EBEF26441FAB00C369D8 /* StrategyReaction.swift in Sources */ = {isa = PBXBuildFile; fileRef = B868EBEE26441FAB00C369D8 /* StrategyReaction.swift */; };
		B868EBF126441FD200C369D8 /* Order.swift in Sources */ = {isa = PBXBuildFile; fileRef = B868EBF026441FD200C369D8 /* Order.swift */; };
		B873503B25C256320007A8FE /* AppDelegate.swift in Sources */ = {isa = PBXBuildFile; fileRef = B873503A25C256320007A8FE /* AppDelegate.swift */; };
		B873503D25C256320007A8FE /* SceneDelegate.swift in Sources */ = {isa = PBXBuildFile; fileRef = B873503C25C256320007A8FE /* SceneDelegate.swift */; };
		B873504125C256330007A8FE /* Assets.xcassets in Resources */ = {isa = PBXBuildFile; fileRef = B873504025C256330007A8FE /* Assets.xcassets */; };
		B873504425C256330007A8FE /* Preview Assets.xcassets in Resources */ = {isa = PBXBuildFile; fileRef = B873504325C256330007A8FE /* Preview Assets.xcassets */; };
		B873504725C256330007A8FE /* LaunchScreen.storyboard in Resources */ = {isa = PBXBuildFile; fileRef = B873504525C256330007A8FE /* LaunchScreen.storyboard */; };
		B873508325C258BE0007A8FE /* ViewExtensions.swift in Sources */ = {isa = PBXBuildFile; fileRef = B873507D25C258BC0007A8FE /* ViewExtensions.swift */; };
		B873508725C258BE0007A8FE /* CustomProgressView.swift in Sources */ = {isa = PBXBuildFile; fileRef = B873508125C258BE0007A8FE /* CustomProgressView.swift */; };
		B873508F25C258CF0007A8FE /* LocalCollection.swift in Sources */ = {isa = PBXBuildFile; fileRef = B873508E25C258CF0007A8FE /* LocalCollection.swift */; };
		B873509325C258D60007A8FE /* Theme.swift in Sources */ = {isa = PBXBuildFile; fileRef = B873509125C258D60007A8FE /* Theme.swift */; };
		B873509425C258D60007A8FE /* Settings.swift in Sources */ = {isa = PBXBuildFile; fileRef = B873509225C258D60007A8FE /* Settings.swift */; };
		B873509725C258DA0007A8FE /* UIKitExtensions.swift in Sources */ = {isa = PBXBuildFile; fileRef = B873509625C258DA0007A8FE /* UIKitExtensions.swift */; };
		B873509D25C258E50007A8FE /* HAT-WHITE-LG.png in Resources */ = {isa = PBXBuildFile; fileRef = B873509925C258E40007A8FE /* HAT-WHITE-LG.png */; };
		B873509E25C258E50007A8FE /* HAT-WHITE-SM.png in Resources */ = {isa = PBXBuildFile; fileRef = B873509A25C258E40007A8FE /* HAT-WHITE-SM.png */; };
		B873509F25C258E50007A8FE /* HAT-BLUE-SM.png in Resources */ = {isa = PBXBuildFile; fileRef = B873509B25C258E40007A8FE /* HAT-BLUE-SM.png */; };
		B87350A025C258E50007A8FE /* HAT-BLUE-LG.png in Resources */ = {isa = PBXBuildFile; fileRef = B873509C25C258E50007A8FE /* HAT-BLUE-LG.png */; };
		B87350A525C2812C0007A8FE /* Assets.swift in Sources */ = {isa = PBXBuildFile; fileRef = B87350A425C2812C0007A8FE /* Assets.swift */; };
		B87350B825C2A2D00007A8FE /* Symbol.swift in Sources */ = {isa = PBXBuildFile; fileRef = B87350B725C2A2D00007A8FE /* Symbol.swift */; };
		B87350C025C322FE0007A8FE /* STARS-WHITE-LG.png in Resources */ = {isa = PBXBuildFile; fileRef = B87350BE25C322FE0007A8FE /* STARS-WHITE-LG.png */; };
		B87350C125C322FE0007A8FE /* STARS-BLUE-LG.png in Resources */ = {isa = PBXBuildFile; fileRef = B87350BF25C322FE0007A8FE /* STARS-BLUE-LG.png */; };
		B88BE59325DB4A2D00AA1B75 /* Strategy.swift in Sources */ = {isa = PBXBuildFile; fileRef = B88BE59225DB4A2D00AA1B75 /* Strategy.swift */; };
		B88BE59625DB4B1E00AA1B75 /* StrategyRepository.swift in Sources */ = {isa = PBXBuildFile; fileRef = B88BE59525DB4B1E00AA1B75 /* StrategyRepository.swift */; };
		B89B79F525CB9F4F00531E9E /* LOGOTYPE.png in Resources */ = {isa = PBXBuildFile; fileRef = B89B79F325CB9F4F00531E9E /* LOGOTYPE.png */; };
		B89B79F625CB9F4F00531E9E /* LOGOTYPE-LG.png in Resources */ = {isa = PBXBuildFile; fileRef = B89B79F425CB9F4F00531E9E /* LOGOTYPE-LG.png */; };
		B8A9A12A263DBC2C00B87495 /* Numbers.swift in Sources */ = {isa = PBXBuildFile; fileRef = B8A9A129263DBC2C00B87495 /* Numbers.swift */; };
		B8A9A12C263DE8AB00B87495 /* StrategyCreateView.swift in Sources */ = {isa = PBXBuildFile; fileRef = B8A9A12B263DE8AB00B87495 /* StrategyCreateView.swift */; };
		B8A9A12E263E1ED000B87495 /* StrategyTabView.swift in Sources */ = {isa = PBXBuildFile; fileRef = B8A9A12D263E1ED000B87495 /* StrategyTabView.swift */; };
		B8A9A130263FB23500B87495 /* StrategyCreateViewTableView.swift in Sources */ = {isa = PBXBuildFile; fileRef = B8A9A12F263FB23500B87495 /* StrategyCreateViewTableView.swift */; };
		B8A9A132263FBB4100B87495 /* StrategyCreateCell.swift in Sources */ = {isa = PBXBuildFile; fileRef = B8A9A131263FBB4100B87495 /* StrategyCreateCell.swift */; };
		B8A9A1352640399900B87495 /* SearchSymbolView.swift in Sources */ = {isa = PBXBuildFile; fileRef = B8A9A1342640399900B87495 /* SearchSymbolView.swift */; };
		B8A9A13726403ACC00B87495 /* SymbolCell.swift in Sources */ = {isa = PBXBuildFile; fileRef = B8A9A13626403ACC00B87495 /* SymbolCell.swift */; };
		B8A9A13926403B5B00B87495 /* SearchSymbolViewTableView.swift in Sources */ = {isa = PBXBuildFile; fileRef = B8A9A13826403B5B00B87495 /* SearchSymbolViewTableView.swift */; };
		B8A9A13B2640657100B87495 /* StrategyCreateAddRowCell.swift in Sources */ = {isa = PBXBuildFile; fileRef = B8A9A13A2640657100B87495 /* StrategyCreateAddRowCell.swift */; };
		B8A9A13D2640B81C00B87495 /* SearchView.swift in Sources */ = {isa = PBXBuildFile; fileRef = B8A9A13C2640B81C00B87495 /* SearchView.swift */; };
		B8A9A13F2640D9E100B87495 /* SearchViewTableView.swift in Sources */ = {isa = PBXBuildFile; fileRef = B8A9A13E2640D9E100B87495 /* SearchViewTableView.swift */; };
		B8A9A1412640DA1300B87495 /* TextCell.swift in Sources */ = {isa = PBXBuildFile; fileRef = B8A9A1402640DA1300B87495 /* TextCell.swift */; };
		B8A9A1432640F00F00B87495 /* WindowPickerView.swift in Sources */ = {isa = PBXBuildFile; fileRef = B8A9A1422640F00F00B87495 /* WindowPickerView.swift */; };
		B8BA188B25CDB694008ACBA0 /* Account.swift in Sources */ = {isa = PBXBuildFile; fileRef = B8BA188A25CDB694008ACBA0 /* Account.swift */; };
		B8BA188E25CDB6B5008ACBA0 /* AccountRepository.swift in Sources */ = {isa = PBXBuildFile; fileRef = B8BA188D25CDB6B5008ACBA0 /* AccountRepository.swift */; };
		B8BA1C5125D48CBC008ACBA0 /* ImagePicker.swift in Sources */ = {isa = PBXBuildFile; fileRef = B8BA1C5025D48CBC008ACBA0 /* ImagePicker.swift */; };
		B8BA1C7525DAD632008ACBA0 /* StrategyView.swift in Sources */ = {isa = PBXBuildFile; fileRef = B8BA1C7425DAD632008ACBA0 /* StrategyView.swift */; };
		B8D3AF5826332B6000821E22 /* StrategyViewTableView.swift in Sources */ = {isa = PBXBuildFile; fileRef = B8D3AF5726332B6000821E22 /* StrategyViewTableView.swift */; };
		B8D3AF5F263466C600821E22 /* StrategyCell.swift in Sources */ = {isa = PBXBuildFile; fileRef = B8D3AF5E263466C600821E22 /* StrategyCell.swift */; };
		B8D3AF6E26370F6800821E22 /* Exo-Light.ttf in Resources */ = {isa = PBXBuildFile; fileRef = B8D3AF6726370F6700821E22 /* Exo-Light.ttf */; };
		B8D3AF6F26370F6800821E22 /* Exo-Thin.ttf in Resources */ = {isa = PBXBuildFile; fileRef = B8D3AF6826370F6700821E22 /* Exo-Thin.ttf */; };
		B8D3AF7026370F6800821E22 /* Exo-Regular.ttf in Resources */ = {isa = PBXBuildFile; fileRef = B8D3AF6926370F6800821E22 /* Exo-Regular.ttf */; };
		B8D3AF7126370F6800821E22 /* Exo-SemiBold.ttf in Resources */ = {isa = PBXBuildFile; fileRef = B8D3AF6A26370F6800821E22 /* Exo-SemiBold.ttf */; };
		B8D3AF7226370F6800821E22 /* Exo-Medium.ttf in Resources */ = {isa = PBXBuildFile; fileRef = B8D3AF6B26370F6800821E22 /* Exo-Medium.ttf */; };
		B8D3AF7326370F6800821E22 /* Exo-Bold.ttf in Resources */ = {isa = PBXBuildFile; fileRef = B8D3AF6C26370F6800821E22 /* Exo-Bold.ttf */; };
		B8D3AF7426370F6800821E22 /* Exo-Black.ttf in Resources */ = {isa = PBXBuildFile; fileRef = B8D3AF6D26370F6800821E22 /* Exo-Black.ttf */; };
		B8D3AF7B26370F7D00821E22 /* SourceSansPro-Bold.ttf in Resources */ = {isa = PBXBuildFile; fileRef = B8D3AF7626370F7C00821E22 /* SourceSansPro-Bold.ttf */; };
		B8D3AF7C26370F7D00821E22 /* SourceSansPro-SemiBold.ttf in Resources */ = {isa = PBXBuildFile; fileRef = B8D3AF7726370F7C00821E22 /* SourceSansPro-SemiBold.ttf */; };
		B8D3AF7D26370F7D00821E22 /* SourceSansPro-Regular.ttf in Resources */ = {isa = PBXBuildFile; fileRef = B8D3AF7826370F7C00821E22 /* SourceSansPro-Regular.ttf */; };
		B8D3AF7E26370F7D00821E22 /* SourceSansPro-Black.ttf in Resources */ = {isa = PBXBuildFile; fileRef = B8D3AF7926370F7D00821E22 /* SourceSansPro-Black.ttf */; };
		B8D3AF7F26370F7D00821E22 /* SourceSansPro-Light.ttf in Resources */ = {isa = PBXBuildFile; fileRef = B8D3AF7A26370F7D00821E22 /* SourceSansPro-Light.ttf */; };
		B8D3AF822637309300821E22 /* AccountEditView.swift in Sources */ = {isa = PBXBuildFile; fileRef = B8D3AF812637309300821E22 /* AccountEditView.swift */; };
/* End PBXBuildFile section */

/* Begin PBXFileReference section */
		0F9AFD54160E9D644FB2E94A /* Pods-Gandalf.release.xcconfig */ = {isa = PBXFileReference; includeInIndex = 1; lastKnownFileType = text.xcconfig; name = "Pods-Gandalf.release.xcconfig"; path = "Target Support Files/Pods-Gandalf/Pods-Gandalf.release.xcconfig"; sourceTree = "<group>"; };
		307645F881FE0E958AF461D8 /* Pods-Gandalf.debug.xcconfig */ = {isa = PBXFileReference; includeInIndex = 1; lastKnownFileType = text.xcconfig; name = "Pods-Gandalf.debug.xcconfig"; path = "Target Support Files/Pods-Gandalf/Pods-Gandalf.debug.xcconfig"; sourceTree = "<group>"; };
		B80E04C225C32A96009DBE34 /* AccountView.swift */ = {isa = PBXFileReference; lastKnownFileType = sourcecode.swift; path = AccountView.swift; sourceTree = "<group>"; };
		B80E04D025C33341009DBE34 /* GoogleService-Info.plist */ = {isa = PBXFileReference; fileEncoding = 4; lastKnownFileType = text.plist.xml; path = "GoogleService-Info.plist"; sourceTree = "<group>"; };
		B80E04F025C616BE009DBE34 /* HAT-RED-LG.png */ = {isa = PBXFileReference; lastKnownFileType = image.png; path = "HAT-RED-LG.png"; sourceTree = "<group>"; };
		B80E04F125C616BE009DBE34 /* HAT-RED-SM.png */ = {isa = PBXFileReference; lastKnownFileType = image.png; path = "HAT-RED-SM.png"; sourceTree = "<group>"; };
		B80E04F725C7394D009DBE34 /* STAR-WHITE-SM.png */ = {isa = PBXFileReference; lastKnownFileType = image.png; path = "STAR-WHITE-SM.png"; sourceTree = "<group>"; };
		B80E04F825C7394E009DBE34 /* STAR-GRAY-LG.png */ = {isa = PBXFileReference; lastKnownFileType = image.png; path = "STAR-GRAY-LG.png"; sourceTree = "<group>"; };
		B80E04F925C7394E009DBE34 /* STAR-PINK-LG.png */ = {isa = PBXFileReference; lastKnownFileType = image.png; path = "STAR-PINK-LG.png"; sourceTree = "<group>"; };
		B80E04FA25C7394E009DBE34 /* STAR-GRAY-SM.png */ = {isa = PBXFileReference; lastKnownFileType = image.png; path = "STAR-GRAY-SM.png"; sourceTree = "<group>"; };
		B80E04FB25C7394E009DBE34 /* STAR-GREEN-SM.png */ = {isa = PBXFileReference; lastKnownFileType = image.png; path = "STAR-GREEN-SM.png"; sourceTree = "<group>"; };
		B80E04FC25C7394E009DBE34 /* STAR-WHITE-LG.png */ = {isa = PBXFileReference; lastKnownFileType = image.png; path = "STAR-WHITE-LG.png"; sourceTree = "<group>"; };
		B80E04FD25C7394E009DBE34 /* STAR-GREEN-LG.png */ = {isa = PBXFileReference; lastKnownFileType = image.png; path = "STAR-GREEN-LG.png"; sourceTree = "<group>"; };
		B80E04FE25C7394E009DBE34 /* STAR-PINK-SM.png */ = {isa = PBXFileReference; lastKnownFileType = image.png; path = "STAR-PINK-SM.png"; sourceTree = "<group>"; };
		B80E050925C73CBD009DBE34 /* STARS-GRAY-LG.png */ = {isa = PBXFileReference; lastKnownFileType = image.png; path = "STARS-GRAY-LG.png"; sourceTree = "<group>"; };
		B80E050A25C73CBD009DBE34 /* STARS-GRAY-SM.png */ = {isa = PBXFileReference; lastKnownFileType = image.png; path = "STARS-GRAY-SM.png"; sourceTree = "<group>"; };
		B80E051225C742FD009DBE34 /* STARS-PURPLE-LG.png */ = {isa = PBXFileReference; lastKnownFileType = image.png; path = "STARS-PURPLE-LG.png"; sourceTree = "<group>"; };
		B80E051625C7499C009DBE34 /* HAT-PURPLE-LG.png */ = {isa = PBXFileReference; lastKnownFileType = image.png; path = "HAT-PURPLE-LG.png"; sourceTree = "<group>"; };
		B80E053325C76D08009DBE34 /* HoleView.swift */ = {isa = PBXFileReference; lastKnownFileType = sourcecode.swift; path = HoleView.swift; sourceTree = "<group>"; };
		B868EBE22641871400C369D8 /* WindowPickerViewTableView.swift */ = {isa = PBXFileReference; lastKnownFileType = sourcecode.swift; path = WindowPickerViewTableView.swift; sourceTree = "<group>"; };
		B868EBE42641FF7600C369D8 /* SymbolRepository.swift */ = {isa = PBXFileReference; lastKnownFileType = sourcecode.swift; path = SymbolRepository.swift; sourceTree = "<group>"; };
		B868EBE626430F6500C369D8 /* StrategyDetailView.swift */ = {isa = PBXFileReference; lastKnownFileType = sourcecode.swift; path = StrategyDetailView.swift; sourceTree = "<group>"; };
		B868EBE826432C8B00C369D8 /* StrategyDetailCell.swift */ = {isa = PBXFileReference; lastKnownFileType = sourcecode.swift; path = StrategyDetailCell.swift; sourceTree = "<group>"; };
		B868EBEA2643386400C369D8 /* StrategyDetailViewTableView.swift */ = {isa = PBXFileReference; lastKnownFileType = sourcecode.swift; path = StrategyDetailViewTableView.swift; sourceTree = "<group>"; };
		B868EBEC264362EF00C369D8 /* StrategyReactionsRepository.swift */ = {isa = PBXFileReference; lastKnownFileType = sourcecode.swift; path = StrategyReactionsRepository.swift; sourceTree = "<group>"; };
		B868EBEE26441FAB00C369D8 /* StrategyReaction.swift */ = {isa = PBXFileReference; lastKnownFileType = sourcecode.swift; path = StrategyReaction.swift; sourceTree = "<group>"; };
		B868EBF026441FD200C369D8 /* Order.swift */ = {isa = PBXFileReference; lastKnownFileType = sourcecode.swift; path = Order.swift; sourceTree = "<group>"; };
		B873503725C256320007A8FE /* Gandalf.app */ = {isa = PBXFileReference; explicitFileType = wrapper.application; includeInIndex = 0; path = Gandalf.app; sourceTree = BUILT_PRODUCTS_DIR; };
		B873503A25C256320007A8FE /* AppDelegate.swift */ = {isa = PBXFileReference; lastKnownFileType = sourcecode.swift; path = AppDelegate.swift; sourceTree = "<group>"; };
		B873503C25C256320007A8FE /* SceneDelegate.swift */ = {isa = PBXFileReference; lastKnownFileType = sourcecode.swift; path = SceneDelegate.swift; sourceTree = "<group>"; };
		B873504025C256330007A8FE /* Assets.xcassets */ = {isa = PBXFileReference; lastKnownFileType = folder.assetcatalog; path = Assets.xcassets; sourceTree = "<group>"; };
		B873504325C256330007A8FE /* Preview Assets.xcassets */ = {isa = PBXFileReference; lastKnownFileType = folder.assetcatalog; path = "Preview Assets.xcassets"; sourceTree = "<group>"; };
		B873504625C256330007A8FE /* Base */ = {isa = PBXFileReference; lastKnownFileType = file.storyboard; name = Base; path = Base.lproj/LaunchScreen.storyboard; sourceTree = "<group>"; };
		B873504825C256330007A8FE /* Info.plist */ = {isa = PBXFileReference; lastKnownFileType = text.plist.xml; path = Info.plist; sourceTree = "<group>"; };
		B873505025C2565F0007A8FE /* Gandalf.entitlements */ = {isa = PBXFileReference; lastKnownFileType = text.plist.entitlements; path = Gandalf.entitlements; sourceTree = "<group>"; };
		B873507D25C258BC0007A8FE /* ViewExtensions.swift */ = {isa = PBXFileReference; fileEncoding = 4; lastKnownFileType = sourcecode.swift; path = ViewExtensions.swift; sourceTree = "<group>"; };
		B873508125C258BE0007A8FE /* CustomProgressView.swift */ = {isa = PBXFileReference; fileEncoding = 4; lastKnownFileType = sourcecode.swift; path = CustomProgressView.swift; sourceTree = "<group>"; };
		B873508E25C258CF0007A8FE /* LocalCollection.swift */ = {isa = PBXFileReference; fileEncoding = 4; lastKnownFileType = sourcecode.swift; path = LocalCollection.swift; sourceTree = "<group>"; };
		B873509125C258D60007A8FE /* Theme.swift */ = {isa = PBXFileReference; fileEncoding = 4; lastKnownFileType = sourcecode.swift; path = Theme.swift; sourceTree = "<group>"; };
		B873509225C258D60007A8FE /* Settings.swift */ = {isa = PBXFileReference; fileEncoding = 4; lastKnownFileType = sourcecode.swift; path = Settings.swift; sourceTree = "<group>"; };
		B873509625C258DA0007A8FE /* UIKitExtensions.swift */ = {isa = PBXFileReference; fileEncoding = 4; lastKnownFileType = sourcecode.swift; path = UIKitExtensions.swift; sourceTree = "<group>"; };
		B873509925C258E40007A8FE /* HAT-WHITE-LG.png */ = {isa = PBXFileReference; lastKnownFileType = image.png; path = "HAT-WHITE-LG.png"; sourceTree = "<group>"; };
		B873509A25C258E40007A8FE /* HAT-WHITE-SM.png */ = {isa = PBXFileReference; lastKnownFileType = image.png; path = "HAT-WHITE-SM.png"; sourceTree = "<group>"; };
		B873509B25C258E40007A8FE /* HAT-BLUE-SM.png */ = {isa = PBXFileReference; lastKnownFileType = image.png; path = "HAT-BLUE-SM.png"; sourceTree = "<group>"; };
		B873509C25C258E50007A8FE /* HAT-BLUE-LG.png */ = {isa = PBXFileReference; lastKnownFileType = image.png; path = "HAT-BLUE-LG.png"; sourceTree = "<group>"; };
		B87350A425C2812C0007A8FE /* Assets.swift */ = {isa = PBXFileReference; lastKnownFileType = sourcecode.swift; path = Assets.swift; sourceTree = "<group>"; };
		B87350B725C2A2D00007A8FE /* Symbol.swift */ = {isa = PBXFileReference; lastKnownFileType = sourcecode.swift; path = Symbol.swift; sourceTree = "<group>"; };
		B87350BE25C322FE0007A8FE /* STARS-WHITE-LG.png */ = {isa = PBXFileReference; lastKnownFileType = image.png; path = "STARS-WHITE-LG.png"; sourceTree = "<group>"; };
		B87350BF25C322FE0007A8FE /* STARS-BLUE-LG.png */ = {isa = PBXFileReference; lastKnownFileType = image.png; path = "STARS-BLUE-LG.png"; sourceTree = "<group>"; };
		B88BE59225DB4A2D00AA1B75 /* Strategy.swift */ = {isa = PBXFileReference; lastKnownFileType = sourcecode.swift; path = Strategy.swift; sourceTree = "<group>"; };
		B88BE59525DB4B1E00AA1B75 /* StrategyRepository.swift */ = {isa = PBXFileReference; lastKnownFileType = sourcecode.swift; path = StrategyRepository.swift; sourceTree = "<group>"; };
		B89B79F325CB9F4F00531E9E /* LOGOTYPE.png */ = {isa = PBXFileReference; lastKnownFileType = image.png; path = LOGOTYPE.png; sourceTree = "<group>"; };
		B89B79F425CB9F4F00531E9E /* LOGOTYPE-LG.png */ = {isa = PBXFileReference; lastKnownFileType = image.png; path = "LOGOTYPE-LG.png"; sourceTree = "<group>"; };
		B8A9A129263DBC2C00B87495 /* Numbers.swift */ = {isa = PBXFileReference; lastKnownFileType = sourcecode.swift; path = Numbers.swift; sourceTree = "<group>"; };
		B8A9A12B263DE8AB00B87495 /* StrategyCreateView.swift */ = {isa = PBXFileReference; lastKnownFileType = sourcecode.swift; path = StrategyCreateView.swift; sourceTree = "<group>"; };
		B8A9A12D263E1ED000B87495 /* StrategyTabView.swift */ = {isa = PBXFileReference; lastKnownFileType = sourcecode.swift; path = StrategyTabView.swift; sourceTree = "<group>"; };
		B8A9A12F263FB23500B87495 /* StrategyCreateViewTableView.swift */ = {isa = PBXFileReference; lastKnownFileType = sourcecode.swift; path = StrategyCreateViewTableView.swift; sourceTree = "<group>"; };
		B8A9A131263FBB4100B87495 /* StrategyCreateCell.swift */ = {isa = PBXFileReference; lastKnownFileType = sourcecode.swift; path = StrategyCreateCell.swift; sourceTree = "<group>"; };
		B8A9A1342640399900B87495 /* SearchSymbolView.swift */ = {isa = PBXFileReference; lastKnownFileType = sourcecode.swift; path = SearchSymbolView.swift; sourceTree = "<group>"; };
		B8A9A13626403ACC00B87495 /* SymbolCell.swift */ = {isa = PBXFileReference; lastKnownFileType = sourcecode.swift; path = SymbolCell.swift; sourceTree = "<group>"; };
		B8A9A13826403B5B00B87495 /* SearchSymbolViewTableView.swift */ = {isa = PBXFileReference; lastKnownFileType = sourcecode.swift; path = SearchSymbolViewTableView.swift; sourceTree = "<group>"; };
		B8A9A13A2640657100B87495 /* StrategyCreateAddRowCell.swift */ = {isa = PBXFileReference; lastKnownFileType = sourcecode.swift; path = StrategyCreateAddRowCell.swift; sourceTree = "<group>"; };
		B8A9A13C2640B81C00B87495 /* SearchView.swift */ = {isa = PBXFileReference; lastKnownFileType = sourcecode.swift; path = SearchView.swift; sourceTree = "<group>"; };
		B8A9A13E2640D9E100B87495 /* SearchViewTableView.swift */ = {isa = PBXFileReference; lastKnownFileType = sourcecode.swift; path = SearchViewTableView.swift; sourceTree = "<group>"; };
		B8A9A1402640DA1300B87495 /* TextCell.swift */ = {isa = PBXFileReference; lastKnownFileType = sourcecode.swift; path = TextCell.swift; sourceTree = "<group>"; };
		B8A9A1422640F00F00B87495 /* WindowPickerView.swift */ = {isa = PBXFileReference; lastKnownFileType = sourcecode.swift; path = WindowPickerView.swift; sourceTree = "<group>"; };
		B8BA188A25CDB694008ACBA0 /* Account.swift */ = {isa = PBXFileReference; lastKnownFileType = sourcecode.swift; path = Account.swift; sourceTree = "<group>"; };
		B8BA188D25CDB6B5008ACBA0 /* AccountRepository.swift */ = {isa = PBXFileReference; lastKnownFileType = sourcecode.swift; path = AccountRepository.swift; sourceTree = "<group>"; };
		B8BA1C5025D48CBC008ACBA0 /* ImagePicker.swift */ = {isa = PBXFileReference; lastKnownFileType = sourcecode.swift; path = ImagePicker.swift; sourceTree = "<group>"; };
		B8BA1C7425DAD632008ACBA0 /* StrategyView.swift */ = {isa = PBXFileReference; lastKnownFileType = sourcecode.swift; path = StrategyView.swift; sourceTree = "<group>"; };
		B8D3AF5726332B6000821E22 /* StrategyViewTableView.swift */ = {isa = PBXFileReference; lastKnownFileType = sourcecode.swift; path = StrategyViewTableView.swift; sourceTree = "<group>"; };
		B8D3AF5E263466C600821E22 /* StrategyCell.swift */ = {isa = PBXFileReference; lastKnownFileType = sourcecode.swift; path = StrategyCell.swift; sourceTree = "<group>"; };
		B8D3AF6726370F6700821E22 /* Exo-Light.ttf */ = {isa = PBXFileReference; lastKnownFileType = file; path = "Exo-Light.ttf"; sourceTree = "<group>"; };
		B8D3AF6826370F6700821E22 /* Exo-Thin.ttf */ = {isa = PBXFileReference; lastKnownFileType = file; path = "Exo-Thin.ttf"; sourceTree = "<group>"; };
		B8D3AF6926370F6800821E22 /* Exo-Regular.ttf */ = {isa = PBXFileReference; lastKnownFileType = file; path = "Exo-Regular.ttf"; sourceTree = "<group>"; };
		B8D3AF6A26370F6800821E22 /* Exo-SemiBold.ttf */ = {isa = PBXFileReference; lastKnownFileType = file; path = "Exo-SemiBold.ttf"; sourceTree = "<group>"; };
		B8D3AF6B26370F6800821E22 /* Exo-Medium.ttf */ = {isa = PBXFileReference; lastKnownFileType = file; path = "Exo-Medium.ttf"; sourceTree = "<group>"; };
		B8D3AF6C26370F6800821E22 /* Exo-Bold.ttf */ = {isa = PBXFileReference; lastKnownFileType = file; path = "Exo-Bold.ttf"; sourceTree = "<group>"; };
		B8D3AF6D26370F6800821E22 /* Exo-Black.ttf */ = {isa = PBXFileReference; lastKnownFileType = file; path = "Exo-Black.ttf"; sourceTree = "<group>"; };
		B8D3AF7626370F7C00821E22 /* SourceSansPro-Bold.ttf */ = {isa = PBXFileReference; lastKnownFileType = file; path = "SourceSansPro-Bold.ttf"; sourceTree = "<group>"; };
		B8D3AF7726370F7C00821E22 /* SourceSansPro-SemiBold.ttf */ = {isa = PBXFileReference; lastKnownFileType = file; path = "SourceSansPro-SemiBold.ttf"; sourceTree = "<group>"; };
		B8D3AF7826370F7C00821E22 /* SourceSansPro-Regular.ttf */ = {isa = PBXFileReference; lastKnownFileType = file; path = "SourceSansPro-Regular.ttf"; sourceTree = "<group>"; };
		B8D3AF7926370F7D00821E22 /* SourceSansPro-Black.ttf */ = {isa = PBXFileReference; lastKnownFileType = file; path = "SourceSansPro-Black.ttf"; sourceTree = "<group>"; };
		B8D3AF7A26370F7D00821E22 /* SourceSansPro-Light.ttf */ = {isa = PBXFileReference; lastKnownFileType = file; path = "SourceSansPro-Light.ttf"; sourceTree = "<group>"; };
		B8D3AF812637309300821E22 /* AccountEditView.swift */ = {isa = PBXFileReference; lastKnownFileType = sourcecode.swift; path = AccountEditView.swift; sourceTree = "<group>"; };
		C39806E1CC7EDBFB9963D2D3 /* Pods_Gandalf.framework */ = {isa = PBXFileReference; explicitFileType = wrapper.framework; includeInIndex = 0; path = Pods_Gandalf.framework; sourceTree = BUILT_PRODUCTS_DIR; };
/* End PBXFileReference section */

/* Begin PBXFrameworksBuildPhase section */
		B873503425C256320007A8FE /* Frameworks */ = {
			isa = PBXFrameworksBuildPhase;
			buildActionMask = 2147483647;
			files = (
				017E03993A6DF74AD31C6F3C /* Pods_Gandalf.framework in Frameworks */,
			);
			runOnlyForDeploymentPostprocessing = 0;
		};
/* End PBXFrameworksBuildPhase section */

/* Begin PBXGroup section */
		8BE3ADFE6FB1FB0407A62954 /* Pods */ = {
			isa = PBXGroup;
			children = (
				307645F881FE0E958AF461D8 /* Pods-Gandalf.debug.xcconfig */,
				0F9AFD54160E9D644FB2E94A /* Pods-Gandalf.release.xcconfig */,
			);
			path = Pods;
			sourceTree = "<group>";
		};
		A1F0C5063883DC4EED5C6B3D /* Frameworks */ = {
			isa = PBXGroup;
			children = (
				C39806E1CC7EDBFB9963D2D3 /* Pods_Gandalf.framework */,
			);
			name = Frameworks;
			sourceTree = "<group>";
		};
		B873502E25C256320007A8FE = {
			isa = PBXGroup;
			children = (
				B873503925C256320007A8FE /* Gandalf */,
				B873503825C256320007A8FE /* Products */,
				8BE3ADFE6FB1FB0407A62954 /* Pods */,
				A1F0C5063883DC4EED5C6B3D /* Frameworks */,
			);
			sourceTree = "<group>";
		};
		B873503825C256320007A8FE /* Products */ = {
			isa = PBXGroup;
			children = (
				B873503725C256320007A8FE /* Gandalf.app */,
			);
			name = Products;
			sourceTree = "<group>";
		};
		B873503925C256320007A8FE /* Gandalf */ = {
			isa = PBXGroup;
			children = (
				B873507625C257920007A8FE /* Assets */,
				B873507B25C2589E0007A8FE /* Settings */,
				B873507A25C2588E0007A8FE /* Utils */,
				B873507825C258790007A8FE /* Classes */,
				B873507725C258750007A8FE /* Models */,
				B873507925C258840007A8FE /* Views */,
				B873505025C2565F0007A8FE /* Gandalf.entitlements */,
				B873503A25C256320007A8FE /* AppDelegate.swift */,
				B873503C25C256320007A8FE /* SceneDelegate.swift */,
				B873504525C256330007A8FE /* LaunchScreen.storyboard */,
				B80E04D025C33341009DBE34 /* GoogleService-Info.plist */,
				B873504825C256330007A8FE /* Info.plist */,
				B873504225C256330007A8FE /* Preview Content */,
			);
			path = Gandalf;
			sourceTree = "<group>";
		};
		B873504225C256330007A8FE /* Preview Content */ = {
			isa = PBXGroup;
			children = (
				B873504325C256330007A8FE /* Preview Assets.xcassets */,
			);
			path = "Preview Content";
			sourceTree = "<group>";
		};
		B873507625C257920007A8FE /* Assets */ = {
			isa = PBXGroup;
			children = (
				B87350A425C2812C0007A8FE /* Assets.swift */,
				B873504025C256330007A8FE /* Assets.xcassets */,
				B87350A725C2848A0007A8FE /* Fonts */,
				B873509C25C258E50007A8FE /* HAT-BLUE-LG.png */,
				B873509B25C258E40007A8FE /* HAT-BLUE-SM.png */,
				B80E04F025C616BE009DBE34 /* HAT-RED-LG.png */,
				B80E04F125C616BE009DBE34 /* HAT-RED-SM.png */,
				B80E051625C7499C009DBE34 /* HAT-PURPLE-LG.png */,
				B873509925C258E40007A8FE /* HAT-WHITE-LG.png */,
				B873509A25C258E40007A8FE /* HAT-WHITE-SM.png */,
				B89B79F425CB9F4F00531E9E /* LOGOTYPE-LG.png */,
				B89B79F325CB9F4F00531E9E /* LOGOTYPE.png */,
				B80E04F825C7394E009DBE34 /* STAR-GRAY-LG.png */,
				B80E04FA25C7394E009DBE34 /* STAR-GRAY-SM.png */,
				B80E04FD25C7394E009DBE34 /* STAR-GREEN-LG.png */,
				B80E04FB25C7394E009DBE34 /* STAR-GREEN-SM.png */,
				B80E04F925C7394E009DBE34 /* STAR-PINK-LG.png */,
				B80E04FE25C7394E009DBE34 /* STAR-PINK-SM.png */,
				B80E04FC25C7394E009DBE34 /* STAR-WHITE-LG.png */,
				B80E04F725C7394D009DBE34 /* STAR-WHITE-SM.png */,
				B87350BF25C322FE0007A8FE /* STARS-BLUE-LG.png */,
				B80E050925C73CBD009DBE34 /* STARS-GRAY-LG.png */,
				B80E050A25C73CBD009DBE34 /* STARS-GRAY-SM.png */,
				B80E051225C742FD009DBE34 /* STARS-PURPLE-LG.png */,
				B87350BE25C322FE0007A8FE /* STARS-WHITE-LG.png */,
			);
			path = Assets;
			sourceTree = "<group>";
		};
		B873507725C258750007A8FE /* Models */ = {
			isa = PBXGroup;
			children = (
				B8BA1B5725D061E9008ACBA0 /* Account */,
				B8BA1B5825D061F2008ACBA0 /* Symbol */,
				B88BE59125DB49F300AA1B75 /* Strategy */,
			);
			path = Models;
			sourceTree = "<group>";
		};
		B873507825C258790007A8FE /* Classes */ = {
			isa = PBXGroup;
			children = (
				B873508E25C258CF0007A8FE /* LocalCollection.swift */,
			);
			path = Classes;
			sourceTree = "<group>";
		};
		B873507925C258840007A8FE /* Views */ = {
			isa = PBXGroup;
			children = (
				B8BA1B4F25D0618D008ACBA0 /* Account */,
				B8BA1B5925D06218008ACBA0 /* Components */,
				B8A9A1332640397B00B87495 /* Search */,
				B8BA1C7325DAD616008ACBA0 /* Strategy */,
				B873507D25C258BC0007A8FE /* ViewExtensions.swift */,
			);
			path = Views;
			sourceTree = "<group>";
		};
		B873507A25C2588E0007A8FE /* Utils */ = {
			isa = PBXGroup;
			children = (
				B873509625C258DA0007A8FE /* UIKitExtensions.swift */,
				B8BA1C5025D48CBC008ACBA0 /* ImagePicker.swift */,
				B8A9A129263DBC2C00B87495 /* Numbers.swift */,
			);
			path = Utils;
			sourceTree = "<group>";
		};
		B873507B25C2589E0007A8FE /* Settings */ = {
			isa = PBXGroup;
			children = (
				B873509225C258D60007A8FE /* Settings.swift */,
				B873509125C258D60007A8FE /* Theme.swift */,
			);
			path = Settings;
			sourceTree = "<group>";
		};
		B87350A725C2848A0007A8FE /* Fonts */ = {
			isa = PBXGroup;
			children = (
				B8D3AF6D26370F6800821E22 /* Exo-Black.ttf */,
				B8D3AF6C26370F6800821E22 /* Exo-Bold.ttf */,
				B8D3AF6726370F6700821E22 /* Exo-Light.ttf */,
				B8D3AF6B26370F6800821E22 /* Exo-Medium.ttf */,
				B8D3AF6926370F6800821E22 /* Exo-Regular.ttf */,
				B8D3AF6A26370F6800821E22 /* Exo-SemiBold.ttf */,
				B8D3AF6826370F6700821E22 /* Exo-Thin.ttf */,
				B8D3AF7926370F7D00821E22 /* SourceSansPro-Black.ttf */,
				B8D3AF7626370F7C00821E22 /* SourceSansPro-Bold.ttf */,
				B8D3AF7A26370F7D00821E22 /* SourceSansPro-Light.ttf */,
				B8D3AF7826370F7C00821E22 /* SourceSansPro-Regular.ttf */,
				B8D3AF7726370F7C00821E22 /* SourceSansPro-SemiBold.ttf */,
			);
			path = Fonts;
			sourceTree = "<group>";
		};
		B88BE59125DB49F300AA1B75 /* Strategy */ = {
			isa = PBXGroup;
			children = (
				B88BE59225DB4A2D00AA1B75 /* Strategy.swift */,
				B88BE59525DB4B1E00AA1B75 /* StrategyRepository.swift */,
				B868EBEC264362EF00C369D8 /* StrategyReactionsRepository.swift */,
				B868EBEE26441FAB00C369D8 /* StrategyReaction.swift */,
				B868EBF026441FD200C369D8 /* Order.swift */,
			);
			path = Strategy;
			sourceTree = "<group>";
		};
		B8A9A1332640397B00B87495 /* Search */ = {
			isa = PBXGroup;
			children = (
				B8A9A1342640399900B87495 /* SearchSymbolView.swift */,
				B8A9A13826403B5B00B87495 /* SearchSymbolViewTableView.swift */,
				B8A9A13626403ACC00B87495 /* SymbolCell.swift */,
				B8A9A13C2640B81C00B87495 /* SearchView.swift */,
				B8A9A13E2640D9E100B87495 /* SearchViewTableView.swift */,
				B8A9A1402640DA1300B87495 /* TextCell.swift */,
				B8A9A1422640F00F00B87495 /* WindowPickerView.swift */,
				B868EBE22641871400C369D8 /* WindowPickerViewTableView.swift */,
			);
			path = Search;
			sourceTree = "<group>";
		};
		B8BA1B4F25D0618D008ACBA0 /* Account */ = {
			isa = PBXGroup;
			children = (
				B80E04C225C32A96009DBE34 /* AccountView.swift */,
				B8D3AF812637309300821E22 /* AccountEditView.swift */,
			);
			path = Account;
			sourceTree = "<group>";
		};
		B8BA1B5725D061E9008ACBA0 /* Account */ = {
			isa = PBXGroup;
			children = (
				B8BA188A25CDB694008ACBA0 /* Account.swift */,
				B8BA188D25CDB6B5008ACBA0 /* AccountRepository.swift */,
			);
			path = Account;
			sourceTree = "<group>";
		};
		B8BA1B5825D061F2008ACBA0 /* Symbol */ = {
			isa = PBXGroup;
			children = (
				B87350B725C2A2D00007A8FE /* Symbol.swift */,
				B868EBE42641FF7600C369D8 /* SymbolRepository.swift */,
			);
			path = Symbol;
			sourceTree = "<group>";
		};
		B8BA1B5925D06218008ACBA0 /* Components */ = {
			isa = PBXGroup;
			children = (
				B873508125C258BE0007A8FE /* CustomProgressView.swift */,
				B80E053325C76D08009DBE34 /* HoleView.swift */,
			);
			path = Components;
			sourceTree = "<group>";
		};
		B8BA1C7325DAD616008ACBA0 /* Strategy */ = {
			isa = PBXGroup;
			children = (
				B8D3AF5E263466C600821E22 /* StrategyCell.swift */,
				B8A9A13A2640657100B87495 /* StrategyCreateAddRowCell.swift */,
				B8A9A131263FBB4100B87495 /* StrategyCreateCell.swift */,
				B8A9A12B263DE8AB00B87495 /* StrategyCreateView.swift */,
				B8A9A12F263FB23500B87495 /* StrategyCreateViewTableView.swift */,
				B8A9A12D263E1ED000B87495 /* StrategyTabView.swift */,
				B8BA1C7425DAD632008ACBA0 /* StrategyView.swift */,
				B8D3AF5726332B6000821E22 /* StrategyViewTableView.swift */,
				B868EBE626430F6500C369D8 /* StrategyDetailView.swift */,
				B868EBE826432C8B00C369D8 /* StrategyDetailCell.swift */,
				B868EBEA2643386400C369D8 /* StrategyDetailViewTableView.swift */,
			);
			path = Strategy;
			sourceTree = "<group>";
		};
/* End PBXGroup section */

/* Begin PBXNativeTarget section */
		B873503625C256320007A8FE /* Gandalf */ = {
			isa = PBXNativeTarget;
			buildConfigurationList = B873504B25C256330007A8FE /* Build configuration list for PBXNativeTarget "Gandalf" */;
			buildPhases = (
				2EB2CFF9ED272E14D8ED3750 /* [CP] Check Pods Manifest.lock */,
				B873503325C256320007A8FE /* Sources */,
				B873503425C256320007A8FE /* Frameworks */,
				B873503525C256320007A8FE /* Resources */,
				88E1B2116121BA7E7135C377 /* [CP] Embed Pods Frameworks */,
			);
			buildRules = (
			);
			dependencies = (
			);
			name = Gandalf;
			productName = Gandalf;
			productReference = B873503725C256320007A8FE /* Gandalf.app */;
			productType = "com.apple.product-type.application";
		};
/* End PBXNativeTarget section */

/* Begin PBXProject section */
		B873502F25C256320007A8FE /* Project object */ = {
			isa = PBXProject;
			attributes = {
				LastSwiftUpdateCheck = 1230;
				LastUpgradeCheck = 1230;
				TargetAttributes = {
					B873503625C256320007A8FE = {
						CreatedOnToolsVersion = 12.3;
					};
				};
			};
			buildConfigurationList = B873503225C256320007A8FE /* Build configuration list for PBXProject "Gandalf" */;
			compatibilityVersion = "Xcode 9.3";
			developmentRegion = en;
			hasScannedForEncodings = 0;
			knownRegions = (
				en,
				Base,
			);
			mainGroup = B873502E25C256320007A8FE;
			productRefGroup = B873503825C256320007A8FE /* Products */;
			projectDirPath = "";
			projectRoot = "";
			targets = (
				B873503625C256320007A8FE /* Gandalf */,
			);
		};
/* End PBXProject section */

/* Begin PBXResourcesBuildPhase section */
		B873503525C256320007A8FE /* Resources */ = {
			isa = PBXResourcesBuildPhase;
			buildActionMask = 2147483647;
			files = (
				B80E050C25C73CBD009DBE34 /* STARS-GRAY-SM.png in Resources */,
				B89B79F625CB9F4F00531E9E /* LOGOTYPE-LG.png in Resources */,
				B8D3AF7326370F6800821E22 /* Exo-Bold.ttf in Resources */,
				B80E050525C7394E009DBE34 /* STAR-GREEN-LG.png in Resources */,
				B80E050B25C73CBD009DBE34 /* STARS-GRAY-LG.png in Resources */,
				B8D3AF6F26370F6800821E22 /* Exo-Thin.ttf in Resources */,
				B87350C025C322FE0007A8FE /* STARS-WHITE-LG.png in Resources */,
				B8D3AF7426370F6800821E22 /* Exo-Black.ttf in Resources */,
				B80E04F325C616BE009DBE34 /* HAT-RED-SM.png in Resources */,
				B873504725C256330007A8FE /* LaunchScreen.storyboard in Resources */,
				B8D3AF7126370F6800821E22 /* Exo-SemiBold.ttf in Resources */,
				B8D3AF7226370F6800821E22 /* Exo-Medium.ttf in Resources */,
				B8D3AF7E26370F7D00821E22 /* SourceSansPro-Black.ttf in Resources */,
				B873509E25C258E50007A8FE /* HAT-WHITE-SM.png in Resources */,
				B80E04FF25C7394E009DBE34 /* STAR-WHITE-SM.png in Resources */,
				B80E050225C7394E009DBE34 /* STAR-GRAY-SM.png in Resources */,
				B87350C125C322FE0007A8FE /* STARS-BLUE-LG.png in Resources */,
				B8D3AF7026370F6800821E22 /* Exo-Regular.ttf in Resources */,
				B8D3AF6E26370F6800821E22 /* Exo-Light.ttf in Resources */,
				B80E050325C7394E009DBE34 /* STAR-GREEN-SM.png in Resources */,
				B8D3AF7B26370F7D00821E22 /* SourceSansPro-Bold.ttf in Resources */,
				B80E050025C7394E009DBE34 /* STAR-GRAY-LG.png in Resources */,
				B80E050425C7394E009DBE34 /* STAR-WHITE-LG.png in Resources */,
				B80E051725C7499C009DBE34 /* HAT-PURPLE-LG.png in Resources */,
				B873504425C256330007A8FE /* Preview Assets.xcassets in Resources */,
				B89B79F525CB9F4F00531E9E /* LOGOTYPE.png in Resources */,
				B873509D25C258E50007A8FE /* HAT-WHITE-LG.png in Resources */,
				B80E04F225C616BE009DBE34 /* HAT-RED-LG.png in Resources */,
				B8D3AF7C26370F7D00821E22 /* SourceSansPro-SemiBold.ttf in Resources */,
				B8D3AF7F26370F7D00821E22 /* SourceSansPro-Light.ttf in Resources */,
				B80E051325C742FD009DBE34 /* STARS-PURPLE-LG.png in Resources */,
				B80E04D125C33341009DBE34 /* GoogleService-Info.plist in Resources */,
				B873509F25C258E50007A8FE /* HAT-BLUE-SM.png in Resources */,
				B873504125C256330007A8FE /* Assets.xcassets in Resources */,
				B80E050125C7394E009DBE34 /* STAR-PINK-LG.png in Resources */,
				B80E050625C7394E009DBE34 /* STAR-PINK-SM.png in Resources */,
				B87350A025C258E50007A8FE /* HAT-BLUE-LG.png in Resources */,
				B8D3AF7D26370F7D00821E22 /* SourceSansPro-Regular.ttf in Resources */,
			);
			runOnlyForDeploymentPostprocessing = 0;
		};
/* End PBXResourcesBuildPhase section */

/* Begin PBXShellScriptBuildPhase section */
		2EB2CFF9ED272E14D8ED3750 /* [CP] Check Pods Manifest.lock */ = {
			isa = PBXShellScriptBuildPhase;
			buildActionMask = 2147483647;
			files = (
			);
			inputFileListPaths = (
			);
			inputPaths = (
				"${PODS_PODFILE_DIR_PATH}/Podfile.lock",
				"${PODS_ROOT}/Manifest.lock",
			);
			name = "[CP] Check Pods Manifest.lock";
			outputFileListPaths = (
			);
			outputPaths = (
				"$(DERIVED_FILE_DIR)/Pods-Gandalf-checkManifestLockResult.txt",
			);
			runOnlyForDeploymentPostprocessing = 0;
			shellPath = /bin/sh;
			shellScript = "diff \"${PODS_PODFILE_DIR_PATH}/Podfile.lock\" \"${PODS_ROOT}/Manifest.lock\" > /dev/null\nif [ $? != 0 ] ; then\n    # print error to STDERR\n    echo \"error: The sandbox is not in sync with the Podfile.lock. Run 'pod install' or update your CocoaPods installation.\" >&2\n    exit 1\nfi\n# This output is used by Xcode 'outputs' to avoid re-running this script phase.\necho \"SUCCESS\" > \"${SCRIPT_OUTPUT_FILE_0}\"\n";
			showEnvVarsInLog = 0;
		};
		88E1B2116121BA7E7135C377 /* [CP] Embed Pods Frameworks */ = {
			isa = PBXShellScriptBuildPhase;
			buildActionMask = 2147483647;
			files = (
			);
			inputFileListPaths = (
				"${PODS_ROOT}/Target Support Files/Pods-Gandalf/Pods-Gandalf-frameworks-${CONFIGURATION}-input-files.xcfilelist",
			);
			name = "[CP] Embed Pods Frameworks";
			outputFileListPaths = (
				"${PODS_ROOT}/Target Support Files/Pods-Gandalf/Pods-Gandalf-frameworks-${CONFIGURATION}-output-files.xcfilelist",
			);
			runOnlyForDeploymentPostprocessing = 0;
			shellPath = /bin/sh;
			shellScript = "\"${PODS_ROOT}/Target Support Files/Pods-Gandalf/Pods-Gandalf-frameworks.sh\"\n";
			showEnvVarsInLog = 0;
		};
/* End PBXShellScriptBuildPhase section */

/* Begin PBXSourcesBuildPhase section */
		B873503325C256320007A8FE /* Sources */ = {
			isa = PBXSourcesBuildPhase;
			buildActionMask = 2147483647;
			files = (
				B8A9A13926403B5B00B87495 /* SearchSymbolViewTableView.swift in Sources */,
				B8BA188B25CDB694008ACBA0 /* Account.swift in Sources */,
				B8A9A1432640F00F00B87495 /* WindowPickerView.swift in Sources */,
				B8A9A130263FB23500B87495 /* StrategyCreateViewTableView.swift in Sources */,
				B873509425C258D60007A8FE /* Settings.swift in Sources */,
				B80E053425C76D08009DBE34 /* HoleView.swift in Sources */,
				B868EBF126441FD200C369D8 /* Order.swift in Sources */,
				B868EBEF26441FAB00C369D8 /* StrategyReaction.swift in Sources */,
				B873503B25C256320007A8FE /* AppDelegate.swift in Sources */,
				B873503D25C256320007A8FE /* SceneDelegate.swift in Sources */,
				B8D3AF822637309300821E22 /* AccountEditView.swift in Sources */,
				B8A9A12A263DBC2C00B87495 /* Numbers.swift in Sources */,
				B8D3AF5826332B6000821E22 /* StrategyViewTableView.swift in Sources */,
				B88BE59325DB4A2D00AA1B75 /* Strategy.swift in Sources */,
				B873508325C258BE0007A8FE /* ViewExtensions.swift in Sources */,
				B868EBED264362EF00C369D8 /* StrategyReactionsRepository.swift in Sources */,
				B87350A525C2812C0007A8FE /* Assets.swift in Sources */,
				B87350B825C2A2D00007A8FE /* Symbol.swift in Sources */,
				B868EBE926432C8B00C369D8 /* StrategyDetailCell.swift in Sources */,
				B8A9A132263FBB4100B87495 /* StrategyCreateCell.swift in Sources */,
				B80E04C325C32A96009DBE34 /* AccountView.swift in Sources */,
				B868EBE52641FF7600C369D8 /* SymbolRepository.swift in Sources */,
				B8A9A13B2640657100B87495 /* StrategyCreateAddRowCell.swift in Sources */,
				B868EBEB2643386400C369D8 /* StrategyDetailViewTableView.swift in Sources */,
				B8BA1C5125D48CBC008ACBA0 /* ImagePicker.swift in Sources */,
				B8D3AF5F263466C600821E22 /* StrategyCell.swift in Sources */,
				B8A9A12E263E1ED000B87495 /* StrategyTabView.swift in Sources */,
				B8BA188E25CDB6B5008ACBA0 /* AccountRepository.swift in Sources */,
				B868EBE726430F6500C369D8 /* StrategyDetailView.swift in Sources */,
				B8A9A1412640DA1300B87495 /* TextCell.swift in Sources */,
				B8A9A1352640399900B87495 /* SearchSymbolView.swift in Sources */,
				B8BA1C7525DAD632008ACBA0 /* StrategyView.swift in Sources */,
				B873508F25C258CF0007A8FE /* LocalCollection.swift in Sources */,
				B873509325C258D60007A8FE /* Theme.swift in Sources */,
				B873508725C258BE0007A8FE /* CustomProgressView.swift in Sources */,
				B8A9A13726403ACC00B87495 /* SymbolCell.swift in Sources */,
				B868EBE32641871400C369D8 /* WindowPickerViewTableView.swift in Sources */,
				B8A9A13D2640B81C00B87495 /* SearchView.swift in Sources */,
				B8A9A12C263DE8AB00B87495 /* StrategyCreateView.swift in Sources */,
				B8A9A13F2640D9E100B87495 /* SearchViewTableView.swift in Sources */,
				B88BE59625DB4B1E00AA1B75 /* StrategyRepository.swift in Sources */,
				B873509725C258DA0007A8FE /* UIKitExtensions.swift in Sources */,
			);
			runOnlyForDeploymentPostprocessing = 0;
		};
/* End PBXSourcesBuildPhase section */

/* Begin PBXVariantGroup section */
		B873504525C256330007A8FE /* LaunchScreen.storyboard */ = {
			isa = PBXVariantGroup;
			children = (
				B873504625C256330007A8FE /* Base */,
			);
			name = LaunchScreen.storyboard;
			sourceTree = "<group>";
		};
/* End PBXVariantGroup section */

/* Begin XCBuildConfiguration section */
		B873504925C256330007A8FE /* Debug */ = {
			isa = XCBuildConfiguration;
			buildSettings = {
				ALWAYS_SEARCH_USER_PATHS = NO;
				CLANG_ANALYZER_NONNULL = YES;
				CLANG_ANALYZER_NUMBER_OBJECT_CONVERSION = YES_AGGRESSIVE;
				CLANG_CXX_LANGUAGE_STANDARD = "gnu++14";
				CLANG_CXX_LIBRARY = "libc++";
				CLANG_ENABLE_MODULES = YES;
				CLANG_ENABLE_OBJC_ARC = YES;
				CLANG_ENABLE_OBJC_WEAK = YES;
				CLANG_WARN_BLOCK_CAPTURE_AUTORELEASING = YES;
				CLANG_WARN_BOOL_CONVERSION = YES;
				CLANG_WARN_COMMA = YES;
				CLANG_WARN_CONSTANT_CONVERSION = YES;
				CLANG_WARN_DEPRECATED_OBJC_IMPLEMENTATIONS = YES;
				CLANG_WARN_DIRECT_OBJC_ISA_USAGE = YES_ERROR;
				CLANG_WARN_DOCUMENTATION_COMMENTS = YES;
				CLANG_WARN_EMPTY_BODY = YES;
				CLANG_WARN_ENUM_CONVERSION = YES;
				CLANG_WARN_INFINITE_RECURSION = YES;
				CLANG_WARN_INT_CONVERSION = YES;
				CLANG_WARN_NON_LITERAL_NULL_CONVERSION = YES;
				CLANG_WARN_OBJC_IMPLICIT_RETAIN_SELF = YES;
				CLANG_WARN_OBJC_LITERAL_CONVERSION = YES;
				CLANG_WARN_OBJC_ROOT_CLASS = YES_ERROR;
				CLANG_WARN_QUOTED_INCLUDE_IN_FRAMEWORK_HEADER = YES;
				CLANG_WARN_RANGE_LOOP_ANALYSIS = YES;
				CLANG_WARN_STRICT_PROTOTYPES = YES;
				CLANG_WARN_SUSPICIOUS_MOVE = YES;
				CLANG_WARN_UNGUARDED_AVAILABILITY = YES_AGGRESSIVE;
				CLANG_WARN_UNREACHABLE_CODE = YES;
				CLANG_WARN__DUPLICATE_METHOD_MATCH = YES;
				COPY_PHASE_STRIP = NO;
				DEBUG_INFORMATION_FORMAT = dwarf;
				ENABLE_STRICT_OBJC_MSGSEND = YES;
				ENABLE_TESTABILITY = YES;
				GCC_C_LANGUAGE_STANDARD = gnu11;
				GCC_DYNAMIC_NO_PIC = NO;
				GCC_NO_COMMON_BLOCKS = YES;
				GCC_OPTIMIZATION_LEVEL = 0;
				GCC_PREPROCESSOR_DEFINITIONS = (
					"DEBUG=1",
					"$(inherited)",
				);
				GCC_WARN_64_TO_32_BIT_CONVERSION = YES;
				GCC_WARN_ABOUT_RETURN_TYPE = YES_ERROR;
				GCC_WARN_UNDECLARED_SELECTOR = YES;
				GCC_WARN_UNINITIALIZED_AUTOS = YES_AGGRESSIVE;
				GCC_WARN_UNUSED_FUNCTION = YES;
				GCC_WARN_UNUSED_VARIABLE = YES;
				IPHONEOS_DEPLOYMENT_TARGET = 14.3;
				MTL_ENABLE_DEBUG_INFO = INCLUDE_SOURCE;
				MTL_FAST_MATH = YES;
				ONLY_ACTIVE_ARCH = YES;
				SDKROOT = iphoneos;
				SWIFT_ACTIVE_COMPILATION_CONDITIONS = DEBUG;
				SWIFT_OPTIMIZATION_LEVEL = "-Onone";
			};
			name = Debug;
		};
		B873504A25C256330007A8FE /* Release */ = {
			isa = XCBuildConfiguration;
			buildSettings = {
				ALWAYS_SEARCH_USER_PATHS = NO;
				CLANG_ANALYZER_NONNULL = YES;
				CLANG_ANALYZER_NUMBER_OBJECT_CONVERSION = YES_AGGRESSIVE;
				CLANG_CXX_LANGUAGE_STANDARD = "gnu++14";
				CLANG_CXX_LIBRARY = "libc++";
				CLANG_ENABLE_MODULES = YES;
				CLANG_ENABLE_OBJC_ARC = YES;
				CLANG_ENABLE_OBJC_WEAK = YES;
				CLANG_WARN_BLOCK_CAPTURE_AUTORELEASING = YES;
				CLANG_WARN_BOOL_CONVERSION = YES;
				CLANG_WARN_COMMA = YES;
				CLANG_WARN_CONSTANT_CONVERSION = YES;
				CLANG_WARN_DEPRECATED_OBJC_IMPLEMENTATIONS = YES;
				CLANG_WARN_DIRECT_OBJC_ISA_USAGE = YES_ERROR;
				CLANG_WARN_DOCUMENTATION_COMMENTS = YES;
				CLANG_WARN_EMPTY_BODY = YES;
				CLANG_WARN_ENUM_CONVERSION = YES;
				CLANG_WARN_INFINITE_RECURSION = YES;
				CLANG_WARN_INT_CONVERSION = YES;
				CLANG_WARN_NON_LITERAL_NULL_CONVERSION = YES;
				CLANG_WARN_OBJC_IMPLICIT_RETAIN_SELF = YES;
				CLANG_WARN_OBJC_LITERAL_CONVERSION = YES;
				CLANG_WARN_OBJC_ROOT_CLASS = YES_ERROR;
				CLANG_WARN_QUOTED_INCLUDE_IN_FRAMEWORK_HEADER = YES;
				CLANG_WARN_RANGE_LOOP_ANALYSIS = YES;
				CLANG_WARN_STRICT_PROTOTYPES = YES;
				CLANG_WARN_SUSPICIOUS_MOVE = YES;
				CLANG_WARN_UNGUARDED_AVAILABILITY = YES_AGGRESSIVE;
				CLANG_WARN_UNREACHABLE_CODE = YES;
				CLANG_WARN__DUPLICATE_METHOD_MATCH = YES;
				COPY_PHASE_STRIP = NO;
				DEBUG_INFORMATION_FORMAT = "dwarf-with-dsym";
				ENABLE_NS_ASSERTIONS = NO;
				ENABLE_STRICT_OBJC_MSGSEND = YES;
				GCC_C_LANGUAGE_STANDARD = gnu11;
				GCC_NO_COMMON_BLOCKS = YES;
				GCC_WARN_64_TO_32_BIT_CONVERSION = YES;
				GCC_WARN_ABOUT_RETURN_TYPE = YES_ERROR;
				GCC_WARN_UNDECLARED_SELECTOR = YES;
				GCC_WARN_UNINITIALIZED_AUTOS = YES_AGGRESSIVE;
				GCC_WARN_UNUSED_FUNCTION = YES;
				GCC_WARN_UNUSED_VARIABLE = YES;
				IPHONEOS_DEPLOYMENT_TARGET = 14.3;
				MTL_ENABLE_DEBUG_INFO = NO;
				MTL_FAST_MATH = YES;
				SDKROOT = iphoneos;
				SWIFT_COMPILATION_MODE = wholemodule;
				SWIFT_OPTIMIZATION_LEVEL = "-O";
				VALIDATE_PRODUCT = YES;
			};
			name = Release;
		};
		B873504C25C256330007A8FE /* Debug */ = {
			isa = XCBuildConfiguration;
			baseConfigurationReference = 307645F881FE0E958AF461D8 /* Pods-Gandalf.debug.xcconfig */;
			buildSettings = {
				ASSETCATALOG_COMPILER_APPICON_NAME = AppIcon;
				ASSETCATALOG_COMPILER_GLOBAL_ACCENT_COLOR_NAME = AccentColor;
				CODE_SIGN_ENTITLEMENTS = Gandalf/Gandalf.entitlements;
				CODE_SIGN_STYLE = Automatic;
				DEVELOPMENT_ASSET_PATHS = "\"Gandalf/Preview Content\"";
				DEVELOPMENT_TEAM = 72XSPM3WLQ;
				ENABLE_PREVIEWS = YES;
				INFOPLIST_FILE = Gandalf/Info.plist;
				LD_RUNPATH_SEARCH_PATHS = (
					"$(inherited)",
					"@executable_path/Frameworks",
				);
				MARKETING_VERSION = 3.0.0;
				PRODUCT_BUNDLE_IDENTIFIER = com.tangojlabs.gandalf;
				PRODUCT_NAME = "$(TARGET_NAME)";
				SWIFT_VERSION = 5.0;
				TARGETED_DEVICE_FAMILY = "1,2";
			};
			name = Debug;
		};
		B873504D25C256330007A8FE /* Release */ = {
			isa = XCBuildConfiguration;
			baseConfigurationReference = 0F9AFD54160E9D644FB2E94A /* Pods-Gandalf.release.xcconfig */;
			buildSettings = {
				ASSETCATALOG_COMPILER_APPICON_NAME = AppIcon;
				ASSETCATALOG_COMPILER_GLOBAL_ACCENT_COLOR_NAME = AccentColor;
				CODE_SIGN_ENTITLEMENTS = Gandalf/Gandalf.entitlements;
				CODE_SIGN_STYLE = Automatic;
				DEVELOPMENT_ASSET_PATHS = "\"Gandalf/Preview Content\"";
				DEVELOPMENT_TEAM = 72XSPM3WLQ;
				ENABLE_PREVIEWS = YES;
				INFOPLIST_FILE = Gandalf/Info.plist;
				LD_RUNPATH_SEARCH_PATHS = (
					"$(inherited)",
					"@executable_path/Frameworks",
				);
				MARKETING_VERSION = 3.0.0;
				PRODUCT_BUNDLE_IDENTIFIER = com.tangojlabs.gandalf;
				PRODUCT_NAME = "$(TARGET_NAME)";
				SWIFT_VERSION = 5.0;
				TARGETED_DEVICE_FAMILY = "1,2";
			};
			name = Release;
		};
/* End XCBuildConfiguration section */

/* Begin XCConfigurationList section */
		B873503225C256320007A8FE /* Build configuration list for PBXProject "Gandalf" */ = {
			isa = XCConfigurationList;
			buildConfigurations = (
				B873504925C256330007A8FE /* Debug */,
				B873504A25C256330007A8FE /* Release */,
			);
			defaultConfigurationIsVisible = 0;
			defaultConfigurationName = Release;
		};
		B873504B25C256330007A8FE /* Build configuration list for PBXNativeTarget "Gandalf" */ = {
			isa = XCConfigurationList;
			buildConfigurations = (
				B873504C25C256330007A8FE /* Debug */,
				B873504D25C256330007A8FE /* Release */,
			);
			defaultConfigurationIsVisible = 0;
			defaultConfigurationName = Release;
		};
/* End XCConfigurationList section */
	};
	rootObject = B873502F25C256320007A8FE /* Project object */;
}
